
Microsoft Visual Studio Solution File, Format Version 12.00
# Visual Studio Version 17
VisualStudioVersion = 17.14.36408.4
MinimumVisualStudioVersion = 10.0.40219.1
Project("{FAE04EC0-301F-11D3-BF4B-00C04F79EFBC}") = "EFBuilder", "EFBuilder\EFBuilder.csproj", "{2E48FA27-1125-404C-9D71-1E2C910284D8}"
EndProject
Project("{FAE04EC0-301F-11D3-BF4B-00C04F79EFBC}") = "Testing", "Testing\Testing.csproj", "{C3E98106-706E-426E-B866-93B9625FA6B5}"
EndProject
Global
	GlobalSection(SolutionConfigurationPlatforms) = preSolution
		Debug|Any CPU = Debug|Any CPU
		Release|Any CPU = Release|Any CPU
	EndGlobalSection
	GlobalSection(ProjectConfigurationPlatforms) = postSolution
		{2E48FA27-1125-404C-9D71-1E2C910284D8}.Debug|Any CPU.ActiveCfg = Debug|Any CPU
		{2E48FA27-1125-404C-9D71-1E2C910284D8}.Debug|Any CPU.Build.0 = Debug|Any CPU
		{2E48FA27-1125-404C-9D71-1E2C910284D8}.Release|Any CPU.ActiveCfg = Release|Any CPU
		{2E48FA27-1125-404C-9D71-1E2C910284D8}.Release|Any CPU.Build.0 = Release|Any CPU
		{C3E98106-706E-426E-B866-93B9625FA6B5}.Debug|Any CPU.ActiveCfg = Debug|Any CPU
		{C3E98106-706E-426E-B866-93B9625FA6B5}.Debug|Any CPU.Build.0 = Debug|Any CPU
		{C3E98106-706E-426E-B866-93B9625FA6B5}.Release|Any CPU.ActiveCfg = Release|Any CPU
		{C3E98106-706E-426E-B866-93B9625FA6B5}.Release|Any CPU.Build.0 = Release|Any CPU
	EndGlobalSection
	GlobalSection(SolutionProperties) = preSolution
		HideSolutionNode = FALSE
	EndGlobalSection
	GlobalSection(ExtensibilityGlobals) = postSolution
		SolutionGuid = {C9FE6954-C9F7-46E2-99CF-30DA6BCB021C}
	EndGlobalSection
EndGlobal
